
Microsoft Visual Studio Solution File, Format Version 12.00
# Visual Studio 15
VisualStudioVersion = 15.0.28307.421
MinimumVisualStudioVersion = 10.0.40219.1
Project("{FAE04EC0-301F-11D3-BF4B-00C04F79EFBC}") = "HCV_Service", "ServerService\HCV_Service.csproj", "{5C620FA8-EF1F-4C68-B960-E6819AA6CE64}"
EndProject
Project("{FAE04EC0-301F-11D3-BF4B-00C04F79EFBC}") = "HCV_Form", "ServiceForm\HCV_Form.csproj", "{8EC5F991-F78C-4109-9A08-16CA9919B101}"
EndProject
Project("{FAE04EC0-301F-11D3-BF4B-00C04F79EFBC}") = "HCV_Class_Library", "HCV_Class_Library\HCV_Class_Library.csproj", "{BBFC3305-07DE-47EF-A3A2-1EB0C6B552B7}"
EndProject
Global
	GlobalSection(SolutionConfigurationPlatforms) = preSolution
		Debug|Any CPU = Debug|Any CPU
		Release|Any CPU = Release|Any CPU
	EndGlobalSection
	GlobalSection(ProjectConfigurationPlatforms) = postSolution
		{5C620FA8-EF1F-4C68-B960-E6819AA6CE64}.Debug|Any CPU.ActiveCfg = Debug|Any CPU
		{5C620FA8-EF1F-4C68-B960-E6819AA6CE64}.Debug|Any CPU.Build.0 = Debug|Any CPU
		{5C620FA8-EF1F-4C68-B960-E6819AA6CE64}.Release|Any CPU.ActiveCfg = Release|Any CPU
		{5C620FA8-EF1F-4C68-B960-E6819AA6CE64}.Release|Any CPU.Build.0 = Release|Any CPU
		{8EC5F991-F78C-4109-9A08-16CA9919B101}.Debug|Any CPU.ActiveCfg = Debug|Any CPU
		{8EC5F991-F78C-4109-9A08-16CA9919B101}.Debug|Any CPU.Build.0 = Debug|Any CPU
		{8EC5F991-F78C-4109-9A08-16CA9919B101}.Release|Any CPU.ActiveCfg = Release|Any CPU
		{8EC5F991-F78C-4109-9A08-16CA9919B101}.Release|Any CPU.Build.0 = Release|Any CPU
		{BBFC3305-07DE-47EF-A3A2-1EB0C6B552B7}.Debug|Any CPU.ActiveCfg = Debug|Any CPU
		{BBFC3305-07DE-47EF-A3A2-1EB0C6B552B7}.Debug|Any CPU.Build.0 = Debug|Any CPU
		{BBFC3305-07DE-47EF-A3A2-1EB0C6B552B7}.Release|Any CPU.ActiveCfg = Release|Any CPU
		{BBFC3305-07DE-47EF-A3A2-1EB0C6B552B7}.Release|Any CPU.Build.0 = Release|Any CPU
	EndGlobalSection
	GlobalSection(SolutionProperties) = preSolution
		HideSolutionNode = FALSE
	EndGlobalSection
	GlobalSection(ExtensibilityGlobals) = postSolution
		SolutionGuid = {C22B9766-49B9-4F5C-87C3-DF7208DBE5AF}
	EndGlobalSection
EndGlobal
