
Microsoft Visual Studio Solution File, Format Version 12.00
# Visual Studio 2013
VisualStudioVersion = 12.0.31101.0
MinimumVisualStudioVersion = 10.0.40219.1
Project("{FAE04EC0-301F-11D3-BF4B-00C04F79EFBC}") = "Module08", "Module08\Module08.csproj", "{A32D28B2-4BDE-47DF-8E5C-ED4F8E34B4F8}"
EndProject
Project("{FAE04EC0-301F-11D3-BF4B-00C04F79EFBC}") = "TestHarness", "TestHarness\TestHarness.csproj", "{9DB87EB1-A5AD-4552-A056-D154AD27426A}"
EndProject
Global
	GlobalSection(SolutionConfigurationPlatforms) = preSolution
		Debug|Any CPU = Debug|Any CPU
		Release|Any CPU = Release|Any CPU
	EndGlobalSection
	GlobalSection(ProjectConfigurationPlatforms) = postSolution
		{A32D28B2-4BDE-47DF-8E5C-ED4F8E34B4F8}.Debug|Any CPU.ActiveCfg = Debug|Any CPU
		{A32D28B2-4BDE-47DF-8E5C-ED4F8E34B4F8}.Debug|Any CPU.Build.0 = Debug|Any CPU
		{A32D28B2-4BDE-47DF-8E5C-ED4F8E34B4F8}.Release|Any CPU.ActiveCfg = Release|Any CPU
		{A32D28B2-4BDE-47DF-8E5C-ED4F8E34B4F8}.Release|Any CPU.Build.0 = Release|Any CPU
		{9DB87EB1-A5AD-4552-A056-D154AD27426A}.Debug|Any CPU.ActiveCfg = Debug|Any CPU
		{9DB87EB1-A5AD-4552-A056-D154AD27426A}.Debug|Any CPU.Build.0 = Debug|Any CPU
		{9DB87EB1-A5AD-4552-A056-D154AD27426A}.Release|Any CPU.ActiveCfg = Release|Any CPU
		{9DB87EB1-A5AD-4552-A056-D154AD27426A}.Release|Any CPU.Build.0 = Release|Any CPU
	EndGlobalSection
	GlobalSection(SolutionProperties) = preSolution
		HideSolutionNode = FALSE
	EndGlobalSection
EndGlobal
